
Microsoft Visual Studio Solution File, Format Version 12.00
# Visual Studio Version 17
VisualStudioVersion = 17.10.35122.118
MinimumVisualStudioVersion = 10.0.40219.1
Project("{FAE04EC0-301F-11D3-BF4B-00C04F79EFBC}") = "Myfirstapp", "Myfirstapp\Myfirstapp.csproj", "{B89A6209-6B18-4E5C-BED5-1F7856E47E43}"
EndProject
Global
	GlobalSection(SolutionConfigurationPlatforms) = preSolution
		Debug|Any CPU = Debug|Any CPU
		Release|Any CPU = Release|Any CPU
	EndGlobalSection
	GlobalSection(ProjectConfigurationPlatforms) = postSolution
		{B89A6209-6B18-4E5C-BED5-1F7856E47E43}.Debug|Any CPU.ActiveCfg = Debug|Any CPU
		{B89A6209-6B18-4E5C-BED5-1F7856E47E43}.Debug|Any CPU.Build.0 = Debug|Any CPU
		{B89A6209-6B18-4E5C-BED5-1F7856E47E43}.Release|Any CPU.ActiveCfg = Release|Any CPU
		{B89A6209-6B18-4E5C-BED5-1F7856E47E43}.Release|Any CPU.Build.0 = Release|Any CPU
	EndGlobalSection
	GlobalSection(SolutionProperties) = preSolution
		HideSolutionNode = FALSE
	EndGlobalSection
	GlobalSection(ExtensibilityGlobals) = postSolution
		SolutionGuid = {8CDE3B72-F422-43D5-BB27-DBCC297B0ADC}
	EndGlobalSection
EndGlobal
